
Microsoft Visual Studio Solution File, Format Version 12.00
# Visual Studio 15
VisualStudioVersion = 15.0.28307.852
MinimumVisualStudioVersion = 10.0.40219.1
Project("{FAE04EC0-301F-11D3-BF4B-00C04F79EFBC}") = "Reproductor StarWars", "Reproductor StarWars\Reproductor StarWars.csproj", "{6AF3B1AE-4AFC-4E08-8EF6-604BBA13F1E4}"
EndProject
Global
	GlobalSection(SolutionConfigurationPlatforms) = preSolution
		Debug|Any CPU = Debug|Any CPU
		Release|Any CPU = Release|Any CPU
	EndGlobalSection
	GlobalSection(ProjectConfigurationPlatforms) = postSolution
		{6AF3B1AE-4AFC-4E08-8EF6-604BBA13F1E4}.Debug|Any CPU.ActiveCfg = Debug|Any CPU
		{6AF3B1AE-4AFC-4E08-8EF6-604BBA13F1E4}.Debug|Any CPU.Build.0 = Debug|Any CPU
		{6AF3B1AE-4AFC-4E08-8EF6-604BBA13F1E4}.Release|Any CPU.ActiveCfg = Release|Any CPU
		{6AF3B1AE-4AFC-4E08-8EF6-604BBA13F1E4}.Release|Any CPU.Build.0 = Release|Any CPU
	EndGlobalSection
	GlobalSection(SolutionProperties) = preSolution
		HideSolutionNode = FALSE
	EndGlobalSection
	GlobalSection(ExtensibilityGlobals) = postSolution
		SolutionGuid = {D199822E-2CDD-423D-B316-AD721E56A2FF}
	EndGlobalSection
EndGlobal
